// !$*UTF8*$!
{
	archiveVersion = 1;
	classes = {
	};
	objectVersion = 46;
	objects = {

/* Begin PBXBuildFile section */
		30A57C431CC327D2002F0BEB /* main.m in Sources */ = {isa = PBXBuildFile; fileRef = 30A57C421CC327D2002F0BEB /* main.m */; };
		30A57C461CC327D2002F0BEB /* AppDelegate.m in Sources */ = {isa = PBXBuildFile; fileRef = 30A57C451CC327D2002F0BEB /* AppDelegate.m */; };
		30A57C491CC327D2002F0BEB /* FirstViewController.m in Sources */ = {isa = PBXBuildFile; fileRef = 30A57C481CC327D2002F0BEB /* FirstViewController.m */; };
		30A57C4C1CC327D2002F0BEB /* SecondViewController.m in Sources */ = {isa = PBXBuildFile; fileRef = 30A57C4B1CC327D2002F0BEB /* SecondViewController.m */; };
		30A57C4F1CC327D2002F0BEB /* Main.storyboard in Resources */ = {isa = PBXBuildFile; fileRef = 30A57C4D1CC327D2002F0BEB /* Main.storyboard */; };
		30A57C511CC327D2002F0BEB /* Assets.xcassets in Resources */ = {isa = PBXBuildFile; fileRef = 30A57C501CC327D2002F0BEB /* Assets.xcassets */; };
		30A57C541CC327D2002F0BEB /* LaunchScreen.storyboard in Resources */ = {isa = PBXBuildFile; fileRef = 30A57C521CC327D2002F0BEB /* LaunchScreen.storyboard */; };
		30A57C5F1CC327D3002F0BEB /* ios_gradle_objc_templateTests.m in Sources */ = {isa = PBXBuildFile; fileRef = 30A57C5E1CC327D3002F0BEB /* ios_gradle_objc_templateTests.m */; };
		30A57C6A1CC327D3002F0BEB /* ios_gradle_objc_templateUITests.m in Sources */ = {isa = PBXBuildFile; fileRef = 30A57C691CC327D3002F0BEB /* ios_gradle_objc_templateUITests.m */; };
/* End PBXBuildFile section */

/* Begin PBXContainerItemProxy section */
		30A57C5B1CC327D3002F0BEB /* PBXContainerItemProxy */ = {
			isa = PBXContainerItemProxy;
			containerPortal = 30A57C361CC327D2002F0BEB /* Project object */;
			proxyType = 1;
			remoteGlobalIDString = 30A57C3D1CC327D2002F0BEB;
			remoteInfo = "ios-gradle-objc-template";
		};
		30A57C661CC327D3002F0BEB /* PBXContainerItemProxy */ = {
			isa = PBXContainerItemProxy;
			containerPortal = 30A57C361CC327D2002F0BEB /* Project object */;
			proxyType = 1;
			remoteGlobalIDString = 30A57C3D1CC327D2002F0BEB;
			remoteInfo = "ios-gradle-objc-template";
		};
/* End PBXContainerItemProxy section */

/* Begin PBXFileReference section */
		30A57C3E1CC327D2002F0BEB /* ios-gradle-objc-template.app */ = {isa = PBXFileReference; explicitFileType = wrapper.application; includeInIndex = 0; path = "ios-gradle-objc-template.app"; sourceTree = BUILT_PRODUCTS_DIR; };
		30A57C421CC327D2002F0BEB /* main.m */ = {isa = PBXFileReference; lastKnownFileType = sourcecode.c.objc; path = main.m; sourceTree = "<group>"; };
		30A57C441CC327D2002F0BEB /* AppDelegate.h */ = {isa = PBXFileReference; lastKnownFileType = sourcecode.c.h; path = AppDelegate.h; sourceTree = "<group>"; };
		30A57C451CC327D2002F0BEB /* AppDelegate.m */ = {isa = PBXFileReference; lastKnownFileType = sourcecode.c.objc; path = AppDelegate.m; sourceTree = "<group>"; };
		30A57C471CC327D2002F0BEB /* FirstViewController.h */ = {isa = PBXFileReference; lastKnownFileType = sourcecode.c.h; path = FirstViewController.h; sourceTree = "<group>"; };
		30A57C481CC327D2002F0BEB /* FirstViewController.m */ = {isa = PBXFileReference; lastKnownFileType = sourcecode.c.objc; path = FirstViewController.m; sourceTree = "<group>"; };
		30A57C4A1CC327D2002F0BEB /* SecondViewController.h */ = {isa = PBXFileReference; lastKnownFileType = sourcecode.c.h; path = SecondViewController.h; sourceTree = "<group>"; };
		30A57C4B1CC327D2002F0BEB /* SecondViewController.m */ = {isa = PBXFileReference; lastKnownFileType = sourcecode.c.objc; path = SecondViewController.m; sourceTree = "<group>"; };
		30A57C4E1CC327D2002F0BEB /* Base */ = {isa = PBXFileReference; lastKnownFileType = file.storyboard; name = Base; path = Base.lproj/Main.storyboard; sourceTree = "<group>"; };
		30A57C501CC327D2002F0BEB /* Assets.xcassets */ = {isa = PBXFileReference; lastKnownFileType = folder.assetcatalog; path = Assets.xcassets; sourceTree = "<group>"; };
		30A57C531CC327D2002F0BEB /* Base */ = {isa = PBXFileReference; lastKnownFileType = file.storyboard; name = Base; path = Base.lproj/LaunchScreen.storyboard; sourceTree = "<group>"; };
		30A57C551CC327D2002F0BEB /* Info.plist */ = {isa = PBXFileReference; lastKnownFileType = text.plist.xml; path = Info.plist; sourceTree = "<group>"; };
		30A57C5A1CC327D3002F0BEB /* ios-gradle-objc-templateTests.xctest */ = {isa = PBXFileReference; explicitFileType = wrapper.cfbundle; includeInIndex = 0; path = "ios-gradle-objc-templateTests.xctest"; sourceTree = BUILT_PRODUCTS_DIR; };
		30A57C5E1CC327D3002F0BEB /* ios_gradle_objc_templateTests.m */ = {isa = PBXFileReference; lastKnownFileType = sourcecode.c.objc; path = ios_gradle_objc_templateTests.m; sourceTree = "<group>"; };
		30A57C601CC327D3002F0BEB /* Info.plist */ = {isa = PBXFileReference; lastKnownFileType = text.plist.xml; path = Info.plist; sourceTree = "<group>"; };
		30A57C651CC327D3002F0BEB /* ios-gradle-objc-templateUITests.xctest */ = {isa = PBXFileReference; explicitFileType = wrapper.cfbundle; includeInIndex = 0; path = "ios-gradle-objc-templateUITests.xctest"; sourceTree = BUILT_PRODUCTS_DIR; };
		30A57C691CC327D3002F0BEB /* ios_gradle_objc_templateUITests.m */ = {isa = PBXFileReference; lastKnownFileType = sourcecode.c.objc; path = ios_gradle_objc_templateUITests.m; sourceTree = "<group>"; };
		30A57C6B1CC327D3002F0BEB /* Info.plist */ = {isa = PBXFileReference; lastKnownFileType = text.plist.xml; path = Info.plist; sourceTree = "<group>"; };
/* End PBXFileReference section */

/* Begin PBXFrameworksBuildPhase section */
		30A57C3B1CC327D2002F0BEB /* Frameworks */ = {
			isa = PBXFrameworksBuildPhase;
			buildActionMask = 2147483647;
			files = (
			);
			runOnlyForDeploymentPostprocessing = 0;
		};
		30A57C571CC327D3002F0BEB /* Frameworks */ = {
			isa = PBXFrameworksBuildPhase;
			buildActionMask = 2147483647;
			files = (
			);
			runOnlyForDeploymentPostprocessing = 0;
		};
		30A57C621CC327D3002F0BEB /* Frameworks */ = {
			isa = PBXFrameworksBuildPhase;
			buildActionMask = 2147483647;
			files = (
			);
			runOnlyForDeploymentPostprocessing = 0;
		};
/* End PBXFrameworksBuildPhase section */

/* Begin PBXGroup section */
		30A57C351CC327D2002F0BEB = {
			isa = PBXGroup;
			children = (
				30A57C3F1CC327D2002F0BEB /* Products */,
				30A57C401CC327D2002F0BEB /* ios-gradle-objc-template */,
				30A57C5D1CC327D3002F0BEB /* ios-gradle-objc-templateTests */,
				30A57C681CC327D3002F0BEB /* ios-gradle-objc-templateUITests */,
			);
			sourceTree = "<group>";
		};
		30A57C3F1CC327D2002F0BEB /* Products */ = {
			isa = PBXGroup;
			children = (
				30A57C3E1CC327D2002F0BEB /* ios-gradle-objc-template.app */,
				30A57C5A1CC327D3002F0BEB /* ios-gradle-objc-templateTests.xctest */,
				30A57C651CC327D3002F0BEB /* ios-gradle-objc-templateUITests.xctest */,
			);
			name = Products;
			sourceTree = "<group>";
		};
		30A57C401CC327D2002F0BEB /* ios-gradle-objc-template */ = {
			isa = PBXGroup;
			children = (
				30A57C411CC327D2002F0BEB /* Supporting Files */,
				30A57C7A1CC362AA002F0BEB /* include */,
				30A57C791CC3629F002F0BEB /* src */,
				30A57C501CC327D2002F0BEB /* Assets.xcassets */,
				30A57C551CC327D2002F0BEB /* Info.plist */,
				30A57C521CC327D2002F0BEB /* LaunchScreen.storyboard */,
				30A57C4D1CC327D2002F0BEB /* Main.storyboard */,
			);
			path = "ios-gradle-objc-template";
			sourceTree = "<group>";
		};
		30A57C411CC327D2002F0BEB /* Supporting Files */ = {
			isa = PBXGroup;
			children = (
				30A57C421CC327D2002F0BEB /* main.m */,
			);
			path = "Supporting Files";
			sourceTree = "<group>";
		};
		30A57C5D1CC327D3002F0BEB /* ios-gradle-objc-templateTests */ = {
			isa = PBXGroup;
			children = (
				30A57C601CC327D3002F0BEB /* Info.plist */,
				30A57C5E1CC327D3002F0BEB /* ios_gradle_objc_templateTests.m */,
			);
			path = "ios-gradle-objc-templateTests";
			sourceTree = "<group>";
		};
		30A57C681CC327D3002F0BEB /* ios-gradle-objc-templateUITests */ = {
			isa = PBXGroup;
			children = (
				30A57C6B1CC327D3002F0BEB /* Info.plist */,
				30A57C691CC327D3002F0BEB /* ios_gradle_objc_templateUITests.m */,
			);
			path = "ios-gradle-objc-templateUITests";
			sourceTree = "<group>";
		};
		30A57C791CC3629F002F0BEB /* src */ = {
			isa = PBXGroup;
			children = (
				30A57C451CC327D2002F0BEB /* AppDelegate.m */,
				30A57C481CC327D2002F0BEB /* FirstViewController.m */,
				30A57C4B1CC327D2002F0BEB /* SecondViewController.m */,
			);
			path = src;
			sourceTree = "<group>";
		};
		30A57C7A1CC362AA002F0BEB /* include */ = {
			isa = PBXGroup;
			children = (
				30A57C441CC327D2002F0BEB /* AppDelegate.h */,
				30A57C471CC327D2002F0BEB /* FirstViewController.h */,
				30A57C4A1CC327D2002F0BEB /* SecondViewController.h */,
			);
			path = include;
			sourceTree = "<group>";
		};
/* End PBXGroup section */

/* Begin PBXNativeTarget section */
		30A57C3D1CC327D2002F0BEB /* ios-gradle-objc-template */ = {
			isa = PBXNativeTarget;
			buildConfigurationList = 30A57C6E1CC327D3002F0BEB /* Build configuration list for PBXNativeTarget "ios-gradle-objc-template" */;
			buildPhases = (
				30A57C3A1CC327D2002F0BEB /* Sources */,
				30A57C3B1CC327D2002F0BEB /* Frameworks */,
				30A57C3C1CC327D2002F0BEB /* Resources */,
			);
			buildRules = (
			);
			dependencies = (
			);
			name = "ios-gradle-objc-template";
			productName = "ios-gradle-objc-template";
			productReference = 30A57C3E1CC327D2002F0BEB /* ios-gradle-objc-template.app */;
			productType = "com.apple.product-type.application";
		};
		30A57C591CC327D3002F0BEB /* ios-gradle-objc-templateTests */ = {
			isa = PBXNativeTarget;
			buildConfigurationList = 30A57C711CC327D3002F0BEB /* Build configuration list for PBXNativeTarget "ios-gradle-objc-templateTests" */;
			buildPhases = (
				30A57C561CC327D3002F0BEB /* Sources */,
				30A57C571CC327D3002F0BEB /* Frameworks */,
				30A57C581CC327D3002F0BEB /* Resources */,
			);
			buildRules = (
			);
			dependencies = (
				30A57C5C1CC327D3002F0BEB /* PBXTargetDependency */,
			);
			name = "ios-gradle-objc-templateTests";
			productName = "ios-gradle-objc-templateTests";
			productReference = 30A57C5A1CC327D3002F0BEB /* ios-gradle-objc-templateTests.xctest */;
			productType = "com.apple.product-type.bundle.unit-test";
		};
		30A57C641CC327D3002F0BEB /* ios-gradle-objc-templateUITests */ = {
			isa = PBXNativeTarget;
			buildConfigurationList = 30A57C741CC327D3002F0BEB /* Build configuration list for PBXNativeTarget "ios-gradle-objc-templateUITests" */;
			buildPhases = (
				30A57C611CC327D3002F0BEB /* Sources */,
				30A57C621CC327D3002F0BEB /* Frameworks */,
				30A57C631CC327D3002F0BEB /* Resources */,
			);
			buildRules = (
			);
			dependencies = (
				30A57C671CC327D3002F0BEB /* PBXTargetDependency */,
			);
			name = "ios-gradle-objc-templateUITests";
			productName = "ios-gradle-objc-templateUITests";
			productReference = 30A57C651CC327D3002F0BEB /* ios-gradle-objc-templateUITests.xctest */;
			productType = "com.apple.product-type.bundle.ui-testing";
		};
/* End PBXNativeTarget section */

/* Begin PBXProject section */
		30A57C361CC327D2002F0BEB /* Project object */ = {
			isa = PBXProject;
			attributes = {
				LastUpgradeCheck = 0700;
				ORGANIZATIONNAME = "Jared Burrows";
				TargetAttributes = {
					30A57C3D1CC327D2002F0BEB = {
						CreatedOnToolsVersion = 7.0.1;
					};
					30A57C591CC327D3002F0BEB = {
						CreatedOnToolsVersion = 7.0.1;
						TestTargetID = 30A57C3D1CC327D2002F0BEB;
					};
					30A57C641CC327D3002F0BEB = {
						CreatedOnToolsVersion = 7.0.1;
						TestTargetID = 30A57C3D1CC327D2002F0BEB;
					};
				};
			};
			buildConfigurationList = 30A57C391CC327D2002F0BEB /* Build configuration list for PBXProject "ios-gradle-objc-template" */;
			compatibilityVersion = "Xcode 3.2";
			developmentRegion = English;
			hasScannedForEncodings = 0;
			knownRegions = (
				en,
				Base,
			);
			mainGroup = 30A57C351CC327D2002F0BEB;
			productRefGroup = 30A57C3F1CC327D2002F0BEB /* Products */;
			projectDirPath = "";
			projectRoot = "";
			targets = (
				30A57C3D1CC327D2002F0BEB /* ios-gradle-objc-template */,
				30A57C591CC327D3002F0BEB /* ios-gradle-objc-templateTests */,
				30A57C641CC327D3002F0BEB /* ios-gradle-objc-templateUITests */,
			);
		};
/* End PBXProject section */

/* Begin PBXResourcesBuildPhase section */
		30A57C3C1CC327D2002F0BEB /* Resources */ = {
			isa = PBXResourcesBuildPhase;
			buildActionMask = 2147483647;
			files = (
				30A57C541CC327D2002F0BEB /* LaunchScreen.storyboard in Resources */,
				30A57C511CC327D2002F0BEB /* Assets.xcassets in Resources */,
				30A57C4F1CC327D2002F0BEB /* Main.storyboard in Resources */,
			);
			runOnlyForDeploymentPostprocessing = 0;
		};
		30A57C581CC327D3002F0BEB /* Resources */ = {
			isa = PBXResourcesBuildPhase;
			buildActionMask = 2147483647;
			files = (
			);
			runOnlyForDeploymentPostprocessing = 0;
		};
		30A57C631CC327D3002F0BEB /* Resources */ = {
			isa = PBXResourcesBuildPhase;
			buildActionMask = 2147483647;
			files = (
			);
			runOnlyForDeploymentPostprocessing = 0;
		};
/* End PBXResourcesBuildPhase section */

/* Begin PBXSourcesBuildPhase section */
		30A57C3A1CC327D2002F0BEB /* Sources */ = {
			isa = PBXSourcesBuildPhase;
			buildActionMask = 2147483647;
			files = (
				30A57C4C1CC327D2002F0BEB /* SecondViewController.m in Sources */,
				30A57C461CC327D2002F0BEB /* AppDelegate.m in Sources */,
				30A57C491CC327D2002F0BEB /* FirstViewController.m in Sources */,
				30A57C431CC327D2002F0BEB /* main.m in Sources */,
			);
			runOnlyForDeploymentPostprocessing = 0;
		};
		30A57C561CC327D3002F0BEB /* Sources */ = {
			isa = PBXSourcesBuildPhase;
			buildActionMask = 2147483647;
			files = (
				30A57C5F1CC327D3002F0BEB /* ios_gradle_objc_templateTests.m in Sources */,
			);
			runOnlyForDeploymentPostprocessing = 0;
		};
		30A57C611CC327D3002F0BEB /* Sources */ = {
			isa = PBXSourcesBuildPhase;
			buildActionMask = 2147483647;
			files = (
				30A57C6A1CC327D3002F0BEB /* ios_gradle_objc_templateUITests.m in Sources */,
			);
			runOnlyForDeploymentPostprocessing = 0;
		};
/* End PBXSourcesBuildPhase section */

/* Begin PBXTargetDependency section */
		30A57C5C1CC327D3002F0BEB /* PBXTargetDependency */ = {
			isa = PBXTargetDependency;
			target = 30A57C3D1CC327D2002F0BEB /* ios-gradle-objc-template */;
			targetProxy = 30A57C5B1CC327D3002F0BEB /* PBXContainerItemProxy */;
		};
		30A57C671CC327D3002F0BEB /* PBXTargetDependency */ = {
			isa = PBXTargetDependency;
			target = 30A57C3D1CC327D2002F0BEB /* ios-gradle-objc-template */;
			targetProxy = 30A57C661CC327D3002F0BEB /* PBXContainerItemProxy */;
		};
/* End PBXTargetDependency section */

/* Begin PBXVariantGroup section */
		30A57C4D1CC327D2002F0BEB /* Main.storyboard */ = {
			isa = PBXVariantGroup;
			children = (
				30A57C4E1CC327D2002F0BEB /* Base */,
			);
			name = Main.storyboard;
			path = .;
			sourceTree = "<group>";
		};
		30A57C521CC327D2002F0BEB /* LaunchScreen.storyboard */ = {
			isa = PBXVariantGroup;
			children = (
				30A57C531CC327D2002F0BEB /* Base */,
			);
			name = LaunchScreen.storyboard;
			path = .;
			sourceTree = "<group>";
		};
/* End PBXVariantGroup section */

/* Begin XCBuildConfiguration section */
		30A57C6C1CC327D3002F0BEB /* Debug */ = {
			isa = XCBuildConfiguration;
			buildSettings = {
				ALWAYS_SEARCH_USER_PATHS = NO;
				CLANG_CXX_LANGUAGE_STANDARD = "gnu++0x";
				CLANG_CXX_LIBRARY = "libc++";
				CLANG_ENABLE_MODULES = YES;
				CLANG_ENABLE_OBJC_ARC = YES;
				CLANG_WARN_BOOL_CONVERSION = YES;
				CLANG_WARN_CONSTANT_CONVERSION = YES;
				CLANG_WARN_DIRECT_OBJC_ISA_USAGE = YES_ERROR;
				CLANG_WARN_EMPTY_BODY = YES;
				CLANG_WARN_ENUM_CONVERSION = YES;
				CLANG_WARN_INT_CONVERSION = YES;
				CLANG_WARN_OBJC_ROOT_CLASS = YES_ERROR;
				CLANG_WARN_UNREACHABLE_CODE = YES;
				CLANG_WARN__DUPLICATE_METHOD_MATCH = YES;
				"CODE_SIGN_IDENTITY[sdk=iphoneos*]" = "iPhone Developer";
				COPY_PHASE_STRIP = NO;
				DEBUG_INFORMATION_FORMAT = dwarf;
				ENABLE_STRICT_OBJC_MSGSEND = YES;
				ENABLE_TESTABILITY = YES;
				GCC_C_LANGUAGE_STANDARD = gnu99;
				GCC_DYNAMIC_NO_PIC = NO;
				GCC_NO_COMMON_BLOCKS = YES;
				GCC_OPTIMIZATION_LEVEL = 0;
				GCC_PREPROCESSOR_DEFINITIONS = (
					"DEBUG=1",
					"$(inherited)",
				);
				GCC_WARN_64_TO_32_BIT_CONVERSION = YES;
				GCC_WARN_ABOUT_RETURN_TYPE = YES_ERROR;
				GCC_WARN_UNDECLARED_SELECTOR = YES;
				GCC_WARN_UNINITIALIZED_AUTOS = YES_AGGRESSIVE;
				GCC_WARN_UNUSED_FUNCTION = YES;
				GCC_WARN_UNUSED_VARIABLE = YES;
				IPHONEOS_DEPLOYMENT_TARGET = 9.0;
				MTL_ENABLE_DEBUG_INFO = YES;
				ONLY_ACTIVE_ARCH = YES;
				SDKROOT = iphoneos;
				TARGETED_DEVICE_FAMILY = "1,2";
			};
			name = Debug;
		};
		30A57C6D1CC327D3002F0BEB /* Release */ = {
			isa = XCBuildConfiguration;
			buildSettings = {
				ALWAYS_SEARCH_USER_PATHS = NO;
				CLANG_CXX_LANGUAGE_STANDARD = "gnu++0x";
				CLANG_CXX_LIBRARY = "libc++";
				CLANG_ENABLE_MODULES = YES;
				CLANG_ENABLE_OBJC_ARC = YES;
				CLANG_WARN_BOOL_CONVERSION = YES;
				CLANG_WARN_CONSTANT_CONVERSION = YES;
				CLANG_WARN_DIRECT_OBJC_ISA_USAGE = YES_ERROR;
				CLANG_WARN_EMPTY_BODY = YES;
				CLANG_WARN_ENUM_CONVERSION = YES;
				CLANG_WARN_INT_CONVERSION = YES;
				CLANG_WARN_OBJC_ROOT_CLASS = YES_ERROR;
				CLANG_WARN_UNREACHABLE_CODE = YES;
				CLANG_WARN__DUPLICATE_METHOD_MATCH = YES;
				"CODE_SIGN_IDENTITY[sdk=iphoneos*]" = "iPhone Developer";
				COPY_PHASE_STRIP = NO;
				DEBUG_INFORMATION_FORMAT = "dwarf-with-dsym";
				ENABLE_NS_ASSERTIONS = NO;
				ENABLE_STRICT_OBJC_MSGSEND = YES;
				GCC_C_LANGUAGE_STANDARD = gnu99;
				GCC_NO_COMMON_BLOCKS = YES;
				GCC_WARN_64_TO_32_BIT_CONVERSION = YES;
				GCC_WARN_ABOUT_RETURN_TYPE = YES_ERROR;
				GCC_WARN_UNDECLARED_SELECTOR = YES;
				GCC_WARN_UNINITIALIZED_AUTOS = YES_AGGRESSIVE;
				GCC_WARN_UNUSED_FUNCTION = YES;
				GCC_WARN_UNUSED_VARIABLE = YES;
				IPHONEOS_DEPLOYMENT_TARGET = 9.0;
				MTL_ENABLE_DEBUG_INFO = NO;
				SDKROOT = iphoneos;
				TARGETED_DEVICE_FAMILY = "1,2";
				VALIDATE_PRODUCT = YES;
			};
			name = Release;
		};
		30A57C6F1CC327D3002F0BEB /* Debug */ = {
			isa = XCBuildConfiguration;
			buildSettings = {
				ASSETCATALOG_COMPILER_APPICON_NAME = AppIcon;
				INFOPLIST_FILE = "ios-gradle-objc-template/Info.plist";
				IPHONEOS_DEPLOYMENT_TARGET = 9.0;
				LD_RUNPATH_SEARCH_PATHS = "$(inherited) @executable_path/Frameworks";
				PRODUCT_BUNDLE_IDENTIFIER = "jaredsburrows.ios-gradle-objc-template";
				PRODUCT_NAME = "$(TARGET_NAME)";
				TARGETED_DEVICE_FAMILY = "1,2";
			};
			name = Debug;
		};
		30A57C701CC327D3002F0BEB /* Release */ = {
			isa = XCBuildConfiguration;
			buildSettings = {
				ASSETCATALOG_COMPILER_APPICON_NAME = AppIcon;
				INFOPLIST_FILE = "ios-gradle-objc-template/Info.plist";
				IPHONEOS_DEPLOYMENT_TARGET = 9.0;
				LD_RUNPATH_SEARCH_PATHS = "$(inherited) @executable_path/Frameworks";
				PRODUCT_BUNDLE_IDENTIFIER = "jaredsburrows.ios-gradle-objc-template";
				PRODUCT_NAME = "$(TARGET_NAME)";
				TARGETED_DEVICE_FAMILY = "1,2";
			};
			name = Release;
		};
		30A57C721CC327D3002F0BEB /* Debug */ = {
			isa = XCBuildConfiguration;
			buildSettings = {
				BUNDLE_LOADER = "$(TEST_HOST)";
				INFOPLIST_FILE = "ios-gradle-objc-templateTests/Info.plist";
				LD_RUNPATH_SEARCH_PATHS = "$(inherited) @executable_path/Frameworks @loader_path/Frameworks";
				PRODUCT_BUNDLE_IDENTIFIER = "jaredsburrows.ios-gradle-objc-templateTests";
				PRODUCT_NAME = "$(TARGET_NAME)";
				TEST_HOST = "$(BUILT_PRODUCTS_DIR)/ios-gradle-objc-template.app/ios-gradle-objc-template";
			};
			name = Debug;
		};
		30A57C731CC327D3002F0BEB /* Release */ = {
			isa = XCBuildConfiguration;
			buildSettings = {
				BUNDLE_LOADER = "$(TEST_HOST)";
				INFOPLIST_FILE = "ios-gradle-objc-templateTests/Info.plist";
				LD_RUNPATH_SEARCH_PATHS = "$(inherited) @executable_path/Frameworks @loader_path/Frameworks";
				PRODUCT_BUNDLE_IDENTIFIER = "jaredsburrows.ios-gradle-objc-templateTests";
				PRODUCT_NAME = "$(TARGET_NAME)";
				TEST_HOST = "$(BUILT_PRODUCTS_DIR)/ios-gradle-objc-template.app/ios-gradle-objc-template";
			};
			name = Release;
		};
		30A57C751CC327D3002F0BEB /* Debug */ = {
			isa = XCBuildConfiguration;
			buildSettings = {
				INFOPLIST_FILE = "ios-gradle-objc-templateUITests/Info.plist";
				LD_RUNPATH_SEARCH_PATHS = "$(inherited) @executable_path/Frameworks @loader_path/Frameworks";
				PRODUCT_BUNDLE_IDENTIFIER = "jaredsburrows.ios-gradle-objc-templateUITests";
				PRODUCT_NAME = "$(TARGET_NAME)";
				TEST_TARGET_NAME = "ios-gradle-objc-template";
				USES_XCTRUNNER = YES;
			};
			name = Debug;
		};
		30A57C761CC327D3002F0BEB /* Release */ = {
			isa = XCBuildConfiguration;
			buildSettings = {
				INFOPLIST_FILE = "ios-gradle-objc-templateUITests/Info.plist";
				LD_RUNPATH_SEARCH_PATHS = "$(inherited) @executable_path/Frameworks @loader_path/Frameworks";
				PRODUCT_BUNDLE_IDENTIFIER = "jaredsburrows.ios-gradle-objc-templateUITests";
				PRODUCT_NAME = "$(TARGET_NAME)";
				TEST_TARGET_NAME = "ios-gradle-objc-template";
				USES_XCTRUNNER = YES;
			};
			name = Release;
		};
/* End XCBuildConfiguration section */

/* Begin XCConfigurationList section */
		30A57C391CC327D2002F0BEB /* Build configuration list for PBXProject "ios-gradle-objc-template" */ = {
			isa = XCConfigurationList;
			buildConfigurations = (
				30A57C6C1CC327D3002F0BEB /* Debug */,
				30A57C6D1CC327D3002F0BEB /* Release */,
			);
			defaultConfigurationIsVisible = 0;
			defaultConfigurationName = Release;
		};
		30A57C6E1CC327D3002F0BEB /* Build configuration list for PBXNativeTarget "ios-gradle-objc-template" */ = {
			isa = XCConfigurationList;
			buildConfigurations = (
				30A57C6F1CC327D3002F0BEB /* Debug */,
				30A57C701CC327D3002F0BEB /* Release */,
			);
			defaultConfigurationIsVisible = 0;
			defaultConfigurationName = Release;
		};
		30A57C711CC327D3002F0BEB /* Build configuration list for PBXNativeTarget "ios-gradle-objc-templateTests" */ = {
			isa = XCConfigurationList;
			buildConfigurations = (
				30A57C721CC327D3002F0BEB /* Debug */,
				30A57C731CC327D3002F0BEB /* Release */,
			);
			defaultConfigurationIsVisible = 0;
			defaultConfigurationName = Release;
		};
		30A57C741CC327D3002F0BEB /* Build configuration list for PBXNativeTarget "ios-gradle-objc-templateUITests" */ = {
			isa = XCConfigurationList;
			buildConfigurations = (
				30A57C751CC327D3002F0BEB /* Debug */,
				30A57C761CC327D3002F0BEB /* Release */,
			);
			defaultConfigurationIsVisible = 0;
			defaultConfigurationName = Release;
		};
/* End XCConfigurationList section */
	};
	rootObject = 30A57C361CC327D2002F0BEB /* Project object */;
}
