// !$*UTF8*$!
{
	archiveVersion = 1;
	classes = {
	};
	objectVersion = 56;
	objects = {

/* Begin PBXBuildFile section */
		106FC7FF62B3F1A9DB2D83D1 /* libPods-ios-gradle-objc-app-template.a in Frameworks */ = {isa = PBXBuildFile; fileRef = 1576382167F5CAE3AA6FB675 /* libPods-ios-gradle-objc-app-template.a */; };
		30E745DF29D64C2200569AF7 /* AppDelegate.m in Sources */ = {isa = PBXBuildFile; fileRef = 30E745DE29D64C2200569AF7 /* AppDelegate.m */; };
		30E745E229D64C2200569AF7 /* SceneDelegate.m in Sources */ = {isa = PBXBuildFile; fileRef = 30E745E129D64C2200569AF7 /* SceneDelegate.m */; };
		30E745E529D64C2200569AF7 /* ViewController.m in Sources */ = {isa = PBXBuildFile; fileRef = 30E745E429D64C2200569AF7 /* ViewController.m */; };
		30E745E829D64C2200569AF7 /* Main.storyboard in Resources */ = {isa = PBXBuildFile; fileRef = 30E745E629D64C2200569AF7 /* Main.storyboard */; };
		30E745EA29D64C2300569AF7 /* Assets.xcassets in Resources */ = {isa = PBXBuildFile; fileRef = 30E745E929D64C2300569AF7 /* Assets.xcassets */; };
		30E745ED29D64C2300569AF7 /* LaunchScreen.storyboard in Resources */ = {isa = PBXBuildFile; fileRef = 30E745EB29D64C2300569AF7 /* LaunchScreen.storyboard */; };
		30E745F029D64C2300569AF7 /* main.m in Sources */ = {isa = PBXBuildFile; fileRef = 30E745EF29D64C2300569AF7 /* main.m */; };
		30E745FA29D64C2300569AF7 /* ios_gradle_objc_app_templateTests.m in Sources */ = {isa = PBXBuildFile; fileRef = 30E745F929D64C2300569AF7 /* ios_gradle_objc_app_templateTests.m */; };
		30E7460429D64C2300569AF7 /* ios_gradle_objc_app_templateUITests.m in Sources */ = {isa = PBXBuildFile; fileRef = 30E7460329D64C2300569AF7 /* ios_gradle_objc_app_templateUITests.m */; };
		30E7460629D64C2300569AF7 /* ios_gradle_objc_app_templateUITestsLaunchTests.m in Sources */ = {isa = PBXBuildFile; fileRef = 30E7460529D64C2300569AF7 /* ios_gradle_objc_app_templateUITestsLaunchTests.m */; };
/* End PBXBuildFile section */

/* Begin PBXContainerItemProxy section */
		30E745F629D64C2300569AF7 /* PBXContainerItemProxy */ = {
			isa = PBXContainerItemProxy;
			containerPortal = 30E745D229D64C2200569AF7 /* Project object */;
			proxyType = 1;
			remoteGlobalIDString = 30E745D929D64C2200569AF7;
			remoteInfo = "ios-gradle-objc-app-template";
		};
		30E7460029D64C2300569AF7 /* PBXContainerItemProxy */ = {
			isa = PBXContainerItemProxy;
			containerPortal = 30E745D229D64C2200569AF7 /* Project object */;
			proxyType = 1;
			remoteGlobalIDString = 30E745D929D64C2200569AF7;
			remoteInfo = "ios-gradle-objc-app-template";
		};
/* End PBXContainerItemProxy section */

/* Begin PBXFileReference section */
		1576382167F5CAE3AA6FB675 /* libPods-ios-gradle-objc-app-template.a */ = {isa = PBXFileReference; explicitFileType = archive.ar; includeInIndex = 0; path = "libPods-ios-gradle-objc-app-template.a"; sourceTree = BUILT_PRODUCTS_DIR; };
		30E745DA29D64C2200569AF7 /* ios-gradle-objc-app-template.app */ = {isa = PBXFileReference; explicitFileType = wrapper.application; includeInIndex = 0; path = "ios-gradle-objc-app-template.app"; sourceTree = BUILT_PRODUCTS_DIR; };
		30E745DD29D64C2200569AF7 /* AppDelegate.h */ = {isa = PBXFileReference; lastKnownFileType = sourcecode.c.h; path = AppDelegate.h; sourceTree = "<group>"; };
		30E745DE29D64C2200569AF7 /* AppDelegate.m */ = {isa = PBXFileReference; lastKnownFileType = sourcecode.c.objc; path = AppDelegate.m; sourceTree = "<group>"; };
		30E745E029D64C2200569AF7 /* SceneDelegate.h */ = {isa = PBXFileReference; lastKnownFileType = sourcecode.c.h; path = SceneDelegate.h; sourceTree = "<group>"; };
		30E745E129D64C2200569AF7 /* SceneDelegate.m */ = {isa = PBXFileReference; lastKnownFileType = sourcecode.c.objc; path = SceneDelegate.m; sourceTree = "<group>"; };
		30E745E329D64C2200569AF7 /* ViewController.h */ = {isa = PBXFileReference; lastKnownFileType = sourcecode.c.h; path = ViewController.h; sourceTree = "<group>"; };
		30E745E429D64C2200569AF7 /* ViewController.m */ = {isa = PBXFileReference; lastKnownFileType = sourcecode.c.objc; path = ViewController.m; sourceTree = "<group>"; };
		30E745E729D64C2200569AF7 /* Base */ = {isa = PBXFileReference; lastKnownFileType = file.storyboard; name = Base; path = Base.lproj/Main.storyboard; sourceTree = "<group>"; };
		30E745E929D64C2300569AF7 /* Assets.xcassets */ = {isa = PBXFileReference; lastKnownFileType = folder.assetcatalog; path = Assets.xcassets; sourceTree = "<group>"; };
		30E745EC29D64C2300569AF7 /* Base */ = {isa = PBXFileReference; lastKnownFileType = file.storyboard; name = Base; path = Base.lproj/LaunchScreen.storyboard; sourceTree = "<group>"; };
		30E745EE29D64C2300569AF7 /* Info.plist */ = {isa = PBXFileReference; lastKnownFileType = text.plist.xml; path = Info.plist; sourceTree = "<group>"; };
		30E745EF29D64C2300569AF7 /* main.m */ = {isa = PBXFileReference; lastKnownFileType = sourcecode.c.objc; path = main.m; sourceTree = "<group>"; };
		30E745F529D64C2300569AF7 /* ios-gradle-objc-app-templateTests.xctest */ = {isa = PBXFileReference; explicitFileType = wrapper.cfbundle; includeInIndex = 0; path = "ios-gradle-objc-app-templateTests.xctest"; sourceTree = BUILT_PRODUCTS_DIR; };
		30E745F929D64C2300569AF7 /* ios_gradle_objc_app_templateTests.m */ = {isa = PBXFileReference; lastKnownFileType = sourcecode.c.objc; path = ios_gradle_objc_app_templateTests.m; sourceTree = "<group>"; };
		30E745FF29D64C2300569AF7 /* ios-gradle-objc-app-templateUITests.xctest */ = {isa = PBXFileReference; explicitFileType = wrapper.cfbundle; includeInIndex = 0; path = "ios-gradle-objc-app-templateUITests.xctest"; sourceTree = BUILT_PRODUCTS_DIR; };
		30E7460329D64C2300569AF7 /* ios_gradle_objc_app_templateUITests.m */ = {isa = PBXFileReference; lastKnownFileType = sourcecode.c.objc; path = ios_gradle_objc_app_templateUITests.m; sourceTree = "<group>"; };
		30E7460529D64C2300569AF7 /* ios_gradle_objc_app_templateUITestsLaunchTests.m */ = {isa = PBXFileReference; lastKnownFileType = sourcecode.c.objc; path = ios_gradle_objc_app_templateUITestsLaunchTests.m; sourceTree = "<group>"; };
		511502E4CF7CDBA44AFAB950 /* Pods-ios-gradle-objc-app-template.debug.xcconfig */ = {isa = PBXFileReference; includeInIndex = 1; lastKnownFileType = text.xcconfig; name = "Pods-ios-gradle-objc-app-template.debug.xcconfig"; path = "Target Support Files/Pods-ios-gradle-objc-app-template/Pods-ios-gradle-objc-app-template.debug.xcconfig"; sourceTree = "<group>"; };
		FF5E1071960E66851F1AA8B1 /* Pods-ios-gradle-objc-app-template.release.xcconfig */ = {isa = PBXFileReference; includeInIndex = 1; lastKnownFileType = text.xcconfig; name = "Pods-ios-gradle-objc-app-template.release.xcconfig"; path = "Target Support Files/Pods-ios-gradle-objc-app-template/Pods-ios-gradle-objc-app-template.release.xcconfig"; sourceTree = "<group>"; };
/* End PBXFileReference section */

/* Begin PBXFrameworksBuildPhase section */
		30E745D729D64C2200569AF7 /* Frameworks */ = {
			isa = PBXFrameworksBuildPhase;
			buildActionMask = 2147483647;
			files = (
				106FC7FF62B3F1A9DB2D83D1 /* libPods-ios-gradle-objc-app-template.a in Frameworks */,
			);
			runOnlyForDeploymentPostprocessing = 0;
		};
		30E745F229D64C2300569AF7 /* Frameworks */ = {
			isa = PBXFrameworksBuildPhase;
			buildActionMask = 2147483647;
			files = (
			);
			runOnlyForDeploymentPostprocessing = 0;
		};
		30E745FC29D64C2300569AF7 /* Frameworks */ = {
			isa = PBXFrameworksBuildPhase;
			buildActionMask = 2147483647;
			files = (
			);
			runOnlyForDeploymentPostprocessing = 0;
		};
/* End PBXFrameworksBuildPhase section */

/* Begin PBXGroup section */
		30E745D129D64C2200569AF7 = {
			isa = PBXGroup;
			children = (
				30E745DC29D64C2200569AF7 /* ios-gradle-objc-app-template */,
				30E745F829D64C2300569AF7 /* ios-gradle-objc-app-templateTests */,
				30E7460229D64C2300569AF7 /* ios-gradle-objc-app-templateUITests */,
				30E745DB29D64C2200569AF7 /* Products */,
				D68093560DED6D47F93609F5 /* Pods */,
				997E37CE36EB13025D8785C8 /* Frameworks */,
			);
			sourceTree = "<group>";
		};
		30E745DB29D64C2200569AF7 /* Products */ = {
			isa = PBXGroup;
			children = (
				30E745DA29D64C2200569AF7 /* ios-gradle-objc-app-template.app */,
				30E745F529D64C2300569AF7 /* ios-gradle-objc-app-templateTests.xctest */,
				30E745FF29D64C2300569AF7 /* ios-gradle-objc-app-templateUITests.xctest */,
			);
			name = Products;
			sourceTree = "<group>";
		};
		30E745DC29D64C2200569AF7 /* ios-gradle-objc-app-template */ = {
			isa = PBXGroup;
			children = (
				30E745DD29D64C2200569AF7 /* AppDelegate.h */,
				30E745DE29D64C2200569AF7 /* AppDelegate.m */,
				30E745E029D64C2200569AF7 /* SceneDelegate.h */,
				30E745E129D64C2200569AF7 /* SceneDelegate.m */,
				30E745E329D64C2200569AF7 /* ViewController.h */,
				30E745E429D64C2200569AF7 /* ViewController.m */,
				30E745E629D64C2200569AF7 /* Main.storyboard */,
				30E745E929D64C2300569AF7 /* Assets.xcassets */,
				30E745EB29D64C2300569AF7 /* LaunchScreen.storyboard */,
				30E745EE29D64C2300569AF7 /* Info.plist */,
				30E745EF29D64C2300569AF7 /* main.m */,
			);
			path = "ios-gradle-objc-app-template";
			sourceTree = "<group>";
		};
		30E745F829D64C2300569AF7 /* ios-gradle-objc-app-templateTests */ = {
			isa = PBXGroup;
			children = (
				30E745F929D64C2300569AF7 /* ios_gradle_objc_app_templateTests.m */,
			);
			path = "ios-gradle-objc-app-templateTests";
			sourceTree = "<group>";
		};
		30E7460229D64C2300569AF7 /* ios-gradle-objc-app-templateUITests */ = {
			isa = PBXGroup;
			children = (
				30E7460329D64C2300569AF7 /* ios_gradle_objc_app_templateUITests.m */,
				30E7460529D64C2300569AF7 /* ios_gradle_objc_app_templateUITestsLaunchTests.m */,
			);
			path = "ios-gradle-objc-app-templateUITests";
			sourceTree = "<group>";
		};
		997E37CE36EB13025D8785C8 /* Frameworks */ = {
			isa = PBXGroup;
			children = (
				1576382167F5CAE3AA6FB675 /* libPods-ios-gradle-objc-app-template.a */,
			);
			name = Frameworks;
			sourceTree = "<group>";
		};
		D68093560DED6D47F93609F5 /* Pods */ = {
			isa = PBXGroup;
			children = (
				511502E4CF7CDBA44AFAB950 /* Pods-ios-gradle-objc-app-template.debug.xcconfig */,
				FF5E1071960E66851F1AA8B1 /* Pods-ios-gradle-objc-app-template.release.xcconfig */,
			);
			name = Pods;
			path = Pods;
			sourceTree = "<group>";
		};
/* End PBXGroup section */

/* Begin PBXNativeTarget section */
		30E745D929D64C2200569AF7 /* ios-gradle-objc-app-template */ = {
			isa = PBXNativeTarget;
			buildConfigurationList = 30E7460929D64C2300569AF7 /* Build configuration list for PBXNativeTarget "ios-gradle-objc-app-template" */;
			buildPhases = (
				5237EC1905CDD2F26A8FB703 /* [CP] Check Pods Manifest.lock */,
				30E745D629D64C2200569AF7 /* Sources */,
				30E745D729D64C2200569AF7 /* Frameworks */,
				30E745D829D64C2200569AF7 /* Resources */,
			);
			buildRules = (
			);
			dependencies = (
			);
			name = "ios-gradle-objc-app-template";
			productName = "ios-gradle-objc-app-template";
			productReference = 30E745DA29D64C2200569AF7 /* ios-gradle-objc-app-template.app */;
			productType = "com.apple.product-type.application";
		};
		30E745F429D64C2300569AF7 /* ios-gradle-objc-app-templateTests */ = {
			isa = PBXNativeTarget;
			buildConfigurationList = 30E7460C29D64C2300569AF7 /* Build configuration list for PBXNativeTarget "ios-gradle-objc-app-templateTests" */;
			buildPhases = (
				30E745F129D64C2300569AF7 /* Sources */,
				30E745F229D64C2300569AF7 /* Frameworks */,
				30E745F329D64C2300569AF7 /* Resources */,
			);
			buildRules = (
			);
			dependencies = (
				30E745F729D64C2300569AF7 /* PBXTargetDependency */,
			);
			name = "ios-gradle-objc-app-templateTests";
			productName = "ios-gradle-objc-app-templateTests";
			productReference = 30E745F529D64C2300569AF7 /* ios-gradle-objc-app-templateTests.xctest */;
			productType = "com.apple.product-type.bundle.unit-test";
		};
		30E745FE29D64C2300569AF7 /* ios-gradle-objc-app-templateUITests */ = {
			isa = PBXNativeTarget;
			buildConfigurationList = 30E7460F29D64C2300569AF7 /* Build configuration list for PBXNativeTarget "ios-gradle-objc-app-templateUITests" */;
			buildPhases = (
				30E745FB29D64C2300569AF7 /* Sources */,
				30E745FC29D64C2300569AF7 /* Frameworks */,
				30E745FD29D64C2300569AF7 /* Resources */,
			);
			buildRules = (
			);
			dependencies = (
				30E7460129D64C2300569AF7 /* PBXTargetDependency */,
			);
			name = "ios-gradle-objc-app-templateUITests";
			productName = "ios-gradle-objc-app-templateUITests";
			productReference = 30E745FF29D64C2300569AF7 /* ios-gradle-objc-app-templateUITests.xctest */;
			productType = "com.apple.product-type.bundle.ui-testing";
		};
/* End PBXNativeTarget section */

/* Begin PBXProject section */
		30E745D229D64C2200569AF7 /* Project object */ = {
			isa = PBXProject;
			attributes = {
				BuildIndependentTargetsInParallel = 1;
				LastUpgradeCheck = 1420;
				TargetAttributes = {
					30E745D929D64C2200569AF7 = {
						CreatedOnToolsVersion = 14.2;
					};
					30E745F429D64C2300569AF7 = {
						CreatedOnToolsVersion = 14.2;
						TestTargetID = 30E745D929D64C2200569AF7;
					};
					30E745FE29D64C2300569AF7 = {
						CreatedOnToolsVersion = 14.2;
						TestTargetID = 30E745D929D64C2200569AF7;
					};
				};
			};
			buildConfigurationList = 30E745D529D64C2200569AF7 /* Build configuration list for PBXProject "ios-gradle-objc-app-template" */;
			compatibilityVersion = "Xcode 14.0";
			developmentRegion = en;
			hasScannedForEncodings = 0;
			knownRegions = (
				en,
				Base,
			);
			mainGroup = 30E745D129D64C2200569AF7;
			productRefGroup = 30E745DB29D64C2200569AF7 /* Products */;
			projectDirPath = "";
			projectRoot = "";
			targets = (
				30E745D929D64C2200569AF7 /* ios-gradle-objc-app-template */,
				30E745F429D64C2300569AF7 /* ios-gradle-objc-app-templateTests */,
				30E745FE29D64C2300569AF7 /* ios-gradle-objc-app-templateUITests */,
			);
		};
/* End PBXProject section */

/* Begin PBXResourcesBuildPhase section */
		30E745D829D64C2200569AF7 /* Resources */ = {
			isa = PBXResourcesBuildPhase;
			buildActionMask = 2147483647;
			files = (
				30E745ED29D64C2300569AF7 /* LaunchScreen.storyboard in Resources */,
				30E745EA29D64C2300569AF7 /* Assets.xcassets in Resources */,
				30E745E829D64C2200569AF7 /* Main.storyboard in Resources */,
			);
			runOnlyForDeploymentPostprocessing = 0;
		};
		30E745F329D64C2300569AF7 /* Resources */ = {
			isa = PBXResourcesBuildPhase;
			buildActionMask = 2147483647;
			files = (
			);
			runOnlyForDeploymentPostprocessing = 0;
		};
		30E745FD29D64C2300569AF7 /* Resources */ = {
			isa = PBXResourcesBuildPhase;
			buildActionMask = 2147483647;
			files = (
			);
			runOnlyForDeploymentPostprocessing = 0;
		};
/* End PBXResourcesBuildPhase section */

/* Begin PBXShellScriptBuildPhase section */
		5237EC1905CDD2F26A8FB703 /* [CP] Check Pods Manifest.lock */ = {
			isa = PBXShellScriptBuildPhase;
			buildActionMask = 2147483647;
			files = (
			);
			inputFileListPaths = (
			);
			inputPaths = (
				"${PODS_PODFILE_DIR_PATH}/Podfile.lock",
				"${PODS_ROOT}/Manifest.lock",
			);
			name = "[CP] Check Pods Manifest.lock";
			outputFileListPaths = (
			);
			outputPaths = (
				"$(DERIVED_FILE_DIR)/Pods-ios-gradle-objc-app-template-checkManifestLockResult.txt",
			);
			runOnlyForDeploymentPostprocessing = 0;
			shellPath = /bin/sh;
			shellScript = "diff \"${PODS_PODFILE_DIR_PATH}/Podfile.lock\" \"${PODS_ROOT}/Manifest.lock\" > /dev/null\nif [ $? != 0 ] ; then\n    # print error to STDERR\n    echo \"error: The sandbox is not in sync with the Podfile.lock. Run 'pod install' or update your CocoaPods installation.\" >&2\n    exit 1\nfi\n# This output is used by Xcode 'outputs' to avoid re-running this script phase.\necho \"SUCCESS\" > \"${SCRIPT_OUTPUT_FILE_0}\"\n";
			showEnvVarsInLog = 0;
		};
/* End PBXShellScriptBuildPhase section */

/* Begin PBXSourcesBuildPhase section */
		30E745D629D64C2200569AF7 /* Sources */ = {
			isa = PBXSourcesBuildPhase;
			buildActionMask = 2147483647;
			files = (
				30E745E529D64C2200569AF7 /* ViewController.m in Sources */,
				30E745DF29D64C2200569AF7 /* AppDelegate.m in Sources */,
				30E745F029D64C2300569AF7 /* main.m in Sources */,
				30E745E229D64C2200569AF7 /* SceneDelegate.m in Sources */,
			);
			runOnlyForDeploymentPostprocessing = 0;
		};
		30E745F129D64C2300569AF7 /* Sources */ = {
			isa = PBXSourcesBuildPhase;
			buildActionMask = 2147483647;
			files = (
				30E745FA29D64C2300569AF7 /* ios_gradle_objc_app_templateTests.m in Sources */,
			);
			runOnlyForDeploymentPostprocessing = 0;
		};
		30E745FB29D64C2300569AF7 /* Sources */ = {
			isa = PBXSourcesBuildPhase;
			buildActionMask = 2147483647;
			files = (
				30E7460429D64C2300569AF7 /* ios_gradle_objc_app_templateUITests.m in Sources */,
				30E7460629D64C2300569AF7 /* ios_gradle_objc_app_templateUITestsLaunchTests.m in Sources */,
			);
			runOnlyForDeploymentPostprocessing = 0;
		};
/* End PBXSourcesBuildPhase section */

/* Begin PBXTargetDependency section */
		30E745F729D64C2300569AF7 /* PBXTargetDependency */ = {
			isa = PBXTargetDependency;
			target = 30E745D929D64C2200569AF7 /* ios-gradle-objc-app-template */;
			targetProxy = 30E745F629D64C2300569AF7 /* PBXContainerItemProxy */;
		};
		30E7460129D64C2300569AF7 /* PBXTargetDependency */ = {
			isa = PBXTargetDependency;
			target = 30E745D929D64C2200569AF7 /* ios-gradle-objc-app-template */;
			targetProxy = 30E7460029D64C2300569AF7 /* PBXContainerItemProxy */;
		};
/* End PBXTargetDependency section */

/* Begin PBXVariantGroup section */
		30E745E629D64C2200569AF7 /* Main.storyboard */ = {
			isa = PBXVariantGroup;
			children = (
				30E745E729D64C2200569AF7 /* Base */,
			);
			name = Main.storyboard;
			sourceTree = "<group>";
		};
		30E745EB29D64C2300569AF7 /* LaunchScreen.storyboard */ = {
			isa = PBXVariantGroup;
			children = (
				30E745EC29D64C2300569AF7 /* Base */,
			);
			name = LaunchScreen.storyboard;
			sourceTree = "<group>";
		};
/* End PBXVariantGroup section */

/* Begin XCBuildConfiguration section */
		30E7460729D64C2300569AF7 /* Debug */ = {
			isa = XCBuildConfiguration;
			buildSettings = {
				ALWAYS_SEARCH_USER_PATHS = NO;
				CLANG_ANALYZER_NONNULL = YES;
				CLANG_ANALYZER_NUMBER_OBJECT_CONVERSION = YES_AGGRESSIVE;
				CLANG_CXX_LANGUAGE_STANDARD = "gnu++20";
				CLANG_ENABLE_MODULES = YES;
				CLANG_ENABLE_OBJC_ARC = YES;
				CLANG_ENABLE_OBJC_WEAK = YES;
				CLANG_WARN_BLOCK_CAPTURE_AUTORELEASING = YES;
				CLANG_WARN_BOOL_CONVERSION = YES;
				CLANG_WARN_COMMA = YES;
				CLANG_WARN_CONSTANT_CONVERSION = YES;
				CLANG_WARN_DEPRECATED_OBJC_IMPLEMENTATIONS = YES;
				CLANG_WARN_DIRECT_OBJC_ISA_USAGE = YES_ERROR;
				CLANG_WARN_DOCUMENTATION_COMMENTS = YES;
				CLANG_WARN_EMPTY_BODY = YES;
				CLANG_WARN_ENUM_CONVERSION = YES;
				CLANG_WARN_INFINITE_RECURSION = YES;
				CLANG_WARN_INT_CONVERSION = YES;
				CLANG_WARN_NON_LITERAL_NULL_CONVERSION = YES;
				CLANG_WARN_OBJC_IMPLICIT_RETAIN_SELF = YES;
				CLANG_WARN_OBJC_LITERAL_CONVERSION = YES;
				CLANG_WARN_OBJC_ROOT_CLASS = YES_ERROR;
				CLANG_WARN_QUOTED_INCLUDE_IN_FRAMEWORK_HEADER = YES;
				CLANG_WARN_RANGE_LOOP_ANALYSIS = YES;
				CLANG_WARN_STRICT_PROTOTYPES = YES;
				CLANG_WARN_SUSPICIOUS_MOVE = YES;
				CLANG_WARN_UNGUARDED_AVAILABILITY = YES_AGGRESSIVE;
				CLANG_WARN_UNREACHABLE_CODE = YES;
				CLANG_WARN__DUPLICATE_METHOD_MATCH = YES;
				COPY_PHASE_STRIP = NO;
				DEBUG_INFORMATION_FORMAT = dwarf;
				ENABLE_STRICT_OBJC_MSGSEND = YES;
				ENABLE_TESTABILITY = YES;
				GCC_C_LANGUAGE_STANDARD = gnu11;
				GCC_DYNAMIC_NO_PIC = NO;
				GCC_NO_COMMON_BLOCKS = YES;
				GCC_OPTIMIZATION_LEVEL = 0;
				GCC_PREPROCESSOR_DEFINITIONS = (
					"DEBUG=1",
					"$(inherited)",
				);
				GCC_WARN_64_TO_32_BIT_CONVERSION = YES;
				GCC_WARN_ABOUT_RETURN_TYPE = YES_ERROR;
				GCC_WARN_UNDECLARED_SELECTOR = YES;
				GCC_WARN_UNINITIALIZED_AUTOS = YES_AGGRESSIVE;
				GCC_WARN_UNUSED_FUNCTION = YES;
				GCC_WARN_UNUSED_VARIABLE = YES;
				IPHONEOS_DEPLOYMENT_TARGET = 16.2;
				MTL_ENABLE_DEBUG_INFO = INCLUDE_SOURCE;
				MTL_FAST_MATH = YES;
				ONLY_ACTIVE_ARCH = YES;
				SDKROOT = iphoneos;
			};
			name = Debug;
		};
		30E7460829D64C2300569AF7 /* Release */ = {
			isa = XCBuildConfiguration;
			buildSettings = {
				ALWAYS_SEARCH_USER_PATHS = NO;
				CLANG_ANALYZER_NONNULL = YES;
				CLANG_ANALYZER_NUMBER_OBJECT_CONVERSION = YES_AGGRESSIVE;
				CLANG_CXX_LANGUAGE_STANDARD = "gnu++20";
				CLANG_ENABLE_MODULES = YES;
				CLANG_ENABLE_OBJC_ARC = YES;
				CLANG_ENABLE_OBJC_WEAK = YES;
				CLANG_WARN_BLOCK_CAPTURE_AUTORELEASING = YES;
				CLANG_WARN_BOOL_CONVERSION = YES;
				CLANG_WARN_COMMA = YES;
				CLANG_WARN_CONSTANT_CONVERSION = YES;
				CLANG_WARN_DEPRECATED_OBJC_IMPLEMENTATIONS = YES;
				CLANG_WARN_DIRECT_OBJC_ISA_USAGE = YES_ERROR;
				CLANG_WARN_DOCUMENTATION_COMMENTS = YES;
				CLANG_WARN_EMPTY_BODY = YES;
				CLANG_WARN_ENUM_CONVERSION = YES;
				CLANG_WARN_INFINITE_RECURSION = YES;
				CLANG_WARN_INT_CONVERSION = YES;
				CLANG_WARN_NON_LITERAL_NULL_CONVERSION = YES;
				CLANG_WARN_OBJC_IMPLICIT_RETAIN_SELF = YES;
				CLANG_WARN_OBJC_LITERAL_CONVERSION = YES;
				CLANG_WARN_OBJC_ROOT_CLASS = YES_ERROR;
				CLANG_WARN_QUOTED_INCLUDE_IN_FRAMEWORK_HEADER = YES;
				CLANG_WARN_RANGE_LOOP_ANALYSIS = YES;
				CLANG_WARN_STRICT_PROTOTYPES = YES;
				CLANG_WARN_SUSPICIOUS_MOVE = YES;
				CLANG_WARN_UNGUARDED_AVAILABILITY = YES_AGGRESSIVE;
				CLANG_WARN_UNREACHABLE_CODE = YES;
				CLANG_WARN__DUPLICATE_METHOD_MATCH = YES;
				COPY_PHASE_STRIP = NO;
				DEBUG_INFORMATION_FORMAT = "dwarf-with-dsym";
				ENABLE_NS_ASSERTIONS = NO;
				ENABLE_STRICT_OBJC_MSGSEND = YES;
				GCC_C_LANGUAGE_STANDARD = gnu11;
				GCC_NO_COMMON_BLOCKS = YES;
				GCC_WARN_64_TO_32_BIT_CONVERSION = YES;
				GCC_WARN_ABOUT_RETURN_TYPE = YES_ERROR;
				GCC_WARN_UNDECLARED_SELECTOR = YES;
				GCC_WARN_UNINITIALIZED_AUTOS = YES_AGGRESSIVE;
				GCC_WARN_UNUSED_FUNCTION = YES;
				GCC_WARN_UNUSED_VARIABLE = YES;
				IPHONEOS_DEPLOYMENT_TARGET = 16.2;
				MTL_ENABLE_DEBUG_INFO = NO;
				MTL_FAST_MATH = YES;
				SDKROOT = iphoneos;
				VALIDATE_PRODUCT = YES;
			};
			name = Release;
		};
		30E7460A29D64C2300569AF7 /* Debug */ = {
			isa = XCBuildConfiguration;
			baseConfigurationReference = 511502E4CF7CDBA44AFAB950 /* Pods-ios-gradle-objc-app-template.debug.xcconfig */;
			buildSettings = {
				ASSETCATALOG_COMPILER_APPICON_NAME = AppIcon;
				ASSETCATALOG_COMPILER_GLOBAL_ACCENT_COLOR_NAME = AccentColor;
				CODE_SIGN_STYLE = Automatic;
				CURRENT_PROJECT_VERSION = 1;
				GENERATE_INFOPLIST_FILE = YES;
				INFOPLIST_FILE = "ios-gradle-objc-app-template/Info.plist";
				INFOPLIST_KEY_UIApplicationSupportsIndirectInputEvents = YES;
				INFOPLIST_KEY_UILaunchStoryboardName = LaunchScreen;
				INFOPLIST_KEY_UIMainStoryboardFile = Main;
				INFOPLIST_KEY_UISupportedInterfaceOrientations_iPad = "UIInterfaceOrientationPortrait UIInterfaceOrientationPortraitUpsideDown UIInterfaceOrientationLandscapeLeft UIInterfaceOrientationLandscapeRight";
				INFOPLIST_KEY_UISupportedInterfaceOrientations_iPhone = "UIInterfaceOrientationPortrait UIInterfaceOrientationLandscapeLeft UIInterfaceOrientationLandscapeRight";
				LD_RUNPATH_SEARCH_PATHS = (
					"$(inherited)",
					"@executable_path/Frameworks",
				);
				MARKETING_VERSION = 1.0;
				PRODUCT_BUNDLE_IDENTIFIER = "com.jaredsburrows.ios-gradle-objc-app-template";
				PRODUCT_NAME = "$(TARGET_NAME)";
				SWIFT_EMIT_LOC_STRINGS = YES;
				TARGETED_DEVICE_FAMILY = "1,2";
			};
			name = Debug;
		};
		30E7460B29D64C2300569AF7 /* Release */ = {
			isa = XCBuildConfiguration;
			baseConfigurationReference = FF5E1071960E66851F1AA8B1 /* Pods-ios-gradle-objc-app-template.release.xcconfig */;
			buildSettings = {
				ASSETCATALOG_COMPILER_APPICON_NAME = AppIcon;
				ASSETCATALOG_COMPILER_GLOBAL_ACCENT_COLOR_NAME = AccentColor;
				CODE_SIGN_STYLE = Automatic;
				CURRENT_PROJECT_VERSION = 1;
				GENERATE_INFOPLIST_FILE = YES;
				INFOPLIST_FILE = "ios-gradle-objc-app-template/Info.plist";
				INFOPLIST_KEY_UIApplicationSupportsIndirectInputEvents = YES;
				INFOPLIST_KEY_UILaunchStoryboardName = LaunchScreen;
				INFOPLIST_KEY_UIMainStoryboardFile = Main;
				INFOPLIST_KEY_UISupportedInterfaceOrientations_iPad = "UIInterfaceOrientationPortrait UIInterfaceOrientationPortraitUpsideDown UIInterfaceOrientationLandscapeLeft UIInterfaceOrientationLandscapeRight";
				INFOPLIST_KEY_UISupportedInterfaceOrientations_iPhone = "UIInterfaceOrientationPortrait UIInterfaceOrientationLandscapeLeft UIInterfaceOrientationLandscapeRight";
				LD_RUNPATH_SEARCH_PATHS = (
					"$(inherited)",
					"@executable_path/Frameworks",
				);
				MARKETING_VERSION = 1.0;
				PRODUCT_BUNDLE_IDENTIFIER = "com.jaredsburrows.ios-gradle-objc-app-template";
				PRODUCT_NAME = "$(TARGET_NAME)";
				SWIFT_EMIT_LOC_STRINGS = YES;
				TARGETED_DEVICE_FAMILY = "1,2";
			};
			name = Release;
		};
		30E7460D29D64C2300569AF7 /* Debug */ = {
			isa = XCBuildConfiguration;
			buildSettings = {
				BUNDLE_LOADER = "$(TEST_HOST)";
				CODE_SIGN_STYLE = Automatic;
				CURRENT_PROJECT_VERSION = 1;
				GENERATE_INFOPLIST_FILE = YES;
				IPHONEOS_DEPLOYMENT_TARGET = 16.2;
				MARKETING_VERSION = 1.0;
				PRODUCT_BUNDLE_IDENTIFIER = "com.jaredsburrows.ios-gradle-objc-app-templateTests";
				PRODUCT_NAME = "$(TARGET_NAME)";
				SWIFT_EMIT_LOC_STRINGS = NO;
				TARGETED_DEVICE_FAMILY = "1,2";
				TEST_HOST = "$(BUILT_PRODUCTS_DIR)/ios-gradle-objc-app-template.app/$(BUNDLE_EXECUTABLE_FOLDER_PATH)/ios-gradle-objc-app-template";
			};
			name = Debug;
		};
		30E7460E29D64C2300569AF7 /* Release */ = {
			isa = XCBuildConfiguration;
			buildSettings = {
				BUNDLE_LOADER = "$(TEST_HOST)";
				CODE_SIGN_STYLE = Automatic;
				CURRENT_PROJECT_VERSION = 1;
				GENERATE_INFOPLIST_FILE = YES;
				IPHONEOS_DEPLOYMENT_TARGET = 16.2;
				MARKETING_VERSION = 1.0;
				PRODUCT_BUNDLE_IDENTIFIER = "com.jaredsburrows.ios-gradle-objc-app-templateTests";
				PRODUCT_NAME = "$(TARGET_NAME)";
				SWIFT_EMIT_LOC_STRINGS = NO;
				TARGETED_DEVICE_FAMILY = "1,2";
				TEST_HOST = "$(BUILT_PRODUCTS_DIR)/ios-gradle-objc-app-template.app/$(BUNDLE_EXECUTABLE_FOLDER_PATH)/ios-gradle-objc-app-template";
			};
			name = Release;
		};
		30E7461029D64C2300569AF7 /* Debug */ = {
			isa = XCBuildConfiguration;
			buildSettings = {
				CODE_SIGN_STYLE = Automatic;
				CURRENT_PROJECT_VERSION = 1;
				GENERATE_INFOPLIST_FILE = YES;
				MARKETING_VERSION = 1.0;
				PRODUCT_BUNDLE_IDENTIFIER = "com.jaredsburrows.ios-gradle-objc-app-templateUITests";
				PRODUCT_NAME = "$(TARGET_NAME)";
				SWIFT_EMIT_LOC_STRINGS = NO;
				TARGETED_DEVICE_FAMILY = "1,2";
				TEST_TARGET_NAME = "ios-gradle-objc-app-template";
			};
			name = Debug;
		};
		30E7461129D64C2300569AF7 /* Release */ = {
			isa = XCBuildConfiguration;
			buildSettings = {
				CODE_SIGN_STYLE = Automatic;
				CURRENT_PROJECT_VERSION = 1;
				GENERATE_INFOPLIST_FILE = YES;
				MARKETING_VERSION = 1.0;
				PRODUCT_BUNDLE_IDENTIFIER = "com.jaredsburrows.ios-gradle-objc-app-templateUITests";
				PRODUCT_NAME = "$(TARGET_NAME)";
				SWIFT_EMIT_LOC_STRINGS = NO;
				TARGETED_DEVICE_FAMILY = "1,2";
				TEST_TARGET_NAME = "ios-gradle-objc-app-template";
			};
			name = Release;
		};
/* End XCBuildConfiguration section */

/* Begin XCConfigurationList section */
		30E745D529D64C2200569AF7 /* Build configuration list for PBXProject "ios-gradle-objc-app-template" */ = {
			isa = XCConfigurationList;
			buildConfigurations = (
				30E7460729D64C2300569AF7 /* Debug */,
				30E7460829D64C2300569AF7 /* Release */,
			);
			defaultConfigurationIsVisible = 0;
			defaultConfigurationName = Release;
		};
		30E7460929D64C2300569AF7 /* Build configuration list for PBXNativeTarget "ios-gradle-objc-app-template" */ = {
			isa = XCConfigurationList;
			buildConfigurations = (
				30E7460A29D64C2300569AF7 /* Debug */,
				30E7460B29D64C2300569AF7 /* Release */,
			);
			defaultConfigurationIsVisible = 0;
			defaultConfigurationName = Release;
		};
		30E7460C29D64C2300569AF7 /* Build configuration list for PBXNativeTarget "ios-gradle-objc-app-templateTests" */ = {
			isa = XCConfigurationList;
			buildConfigurations = (
				30E7460D29D64C2300569AF7 /* Debug */,
				30E7460E29D64C2300569AF7 /* Release */,
			);
			defaultConfigurationIsVisible = 0;
			defaultConfigurationName = Release;
		};
		30E7460F29D64C2300569AF7 /* Build configuration list for PBXNativeTarget "ios-gradle-objc-app-templateUITests" */ = {
			isa = XCConfigurationList;
			buildConfigurations = (
				30E7461029D64C2300569AF7 /* Debug */,
				30E7461129D64C2300569AF7 /* Release */,
			);
			defaultConfigurationIsVisible = 0;
			defaultConfigurationName = Release;
		};
/* End XCConfigurationList section */
	};
	rootObject = 30E745D229D64C2200569AF7 /* Project object */;
}
